
Microsoft Visual Studio Solution File, Format Version 12.00
# Visual Studio Version 16
VisualStudioVersion = 16.0.31129.286
MinimumVisualStudioVersion = 10.0.40219.1
Project("{FAE04EC0-301F-11D3-BF4B-00C04F79EFBC}") = "ArcanoidSimple", "ArcanoidSimple\ArcanoidSimple.csproj", "{C5AC6513-F183-4C69-8908-F0E2950D5044}"
EndProject
Global
	GlobalSection(SolutionConfigurationPlatforms) = preSolution
		Debug|Any CPU = Debug|Any CPU
		Release|Any CPU = Release|Any CPU
	EndGlobalSection
	GlobalSection(ProjectConfigurationPlatforms) = postSolution
		{C5AC6513-F183-4C69-8908-F0E2950D5044}.Debug|Any CPU.ActiveCfg = Debug|Any CPU
		{C5AC6513-F183-4C69-8908-F0E2950D5044}.Debug|Any CPU.Build.0 = Debug|Any CPU
		{C5AC6513-F183-4C69-8908-F0E2950D5044}.Release|Any CPU.ActiveCfg = Release|Any CPU
		{C5AC6513-F183-4C69-8908-F0E2950D5044}.Release|Any CPU.Build.0 = Release|Any CPU
	EndGlobalSection
	GlobalSection(SolutionProperties) = preSolution
		HideSolutionNode = FALSE
	EndGlobalSection
	GlobalSection(ExtensibilityGlobals) = postSolution
		SolutionGuid = {84CED8BA-9D07-47E8-8325-41DB7A32D41E}
	EndGlobalSection
EndGlobal
